{
  "name": "majiang",
  "version": "1.0.0",
  "lockfileVersion": 1,
  "requires": true,
  "dependencies": {
    "@vant/weapp": {
      "version": "1.10.22",
      "resolved": "https://registry.npmjs.org/@vant/weapp/-/weapp-1.10.22.tgz",
      "integrity": "sha512-OJYwwUqcBG9UxQEQOHz9Vpvb0PNhYaXUXBPMDJ0WPZCuB2aQqwUjcNifaB8q7LRLYq5OOzInQoG1X4+NESrVzw=="
    },
    "moment": {
      "version": "2.29.4",
      "resolved": "https://registry.npmjs.org/moment/-/moment-2.29.4.tgz",
      "integrity": "sha512-5LC9SOxjSc2HF6vO2CyuTDNivEdoz2IvyJJGj6X8DJ0eFyfszE0QiEd+iXmBvUP3WHxSjFH/vIsA0EN00cgr8w=="
    },
    "spa-custom-hooks": {
      "version": "1.4.2",
      "resolved": "https://registry.npmmirror.com/spa-custom-hooks/-/spa-custom-hooks-1.4.2.tgz",
      "integrity": "sha512-wxMcbcgkM6TWCtm86Njd9K06I/iPr9CVWKCPJq7Q51eeNKdeSMcU9jsTRI+SVIfgNikc6//JCS4pwoyHRAdbCw=="
    }
  }
}
